
Microsoft Visual Studio Solution File, Format Version 12.00
# Visual Studio Version 16
VisualStudioVersion = 16.0.30204.135
MinimumVisualStudioVersion = 10.0.40219.1
Project("{FAE04EC0-301F-11D3-BF4B-00C04F79EFBC}") = "GlueOverflow", "GlueOverflow\GlueOverflow.csproj", "{DB0D4038-8D4F-4956-ACC4-479F5F65BAB8}"
EndProject
Global
	GlobalSection(SolutionConfigurationPlatforms) = preSolution
		Debug|Any CPU = Debug|Any CPU
		Release|Any CPU = Release|Any CPU
	EndGlobalSection
	GlobalSection(ProjectConfigurationPlatforms) = postSolution
		{DB0D4038-8D4F-4956-ACC4-479F5F65BAB8}.Debug|Any CPU.ActiveCfg = Debug|Any CPU
		{DB0D4038-8D4F-4956-ACC4-479F5F65BAB8}.Debug|Any CPU.Build.0 = Debug|Any CPU
		{DB0D4038-8D4F-4956-ACC4-479F5F65BAB8}.Release|Any CPU.ActiveCfg = Release|Any CPU
		{DB0D4038-8D4F-4956-ACC4-479F5F65BAB8}.Release|Any CPU.Build.0 = Release|Any CPU
	EndGlobalSection
	GlobalSection(SolutionProperties) = preSolution
		HideSolutionNode = FALSE
	EndGlobalSection
	GlobalSection(ExtensibilityGlobals) = postSolution
		SolutionGuid = {0CD1DA93-5FBE-40B8-A539-9419900F2025}
	EndGlobalSection
EndGlobal
